
Microsoft Visual Studio Solution File, Format Version 12.00
# Visual Studio Version 16
VisualStudioVersion = 16.0.30204.135
MinimumVisualStudioVersion = 10.0.40219.1
Project("{9A19103F-16F7-4668-BE54-9A1E7A4F7556}") = "Unity.Container", "Container\src\Unity.Container.csproj", "{432DC96F-46A2-42C9-BE26-738D72245362}"
EndProject
Project("{2150E333-8FDC-42A3-9474-1A3956D46DE8}") = "Unit Tests", "Unit Tests", "{72897D3B-6FE5-4A12-8FD2-0260DF13C868}"
EndProject
Project("{9A19103F-16F7-4668-BE54-9A1E7A4F7556}") = "Unity.Container.Tests", "Container\tests\Unity.Container.Tests.csproj", "{FF77EB2D-8540-48CB-A8C8-CB8AE6B17134}"
EndProject
Project("{9A19103F-16F7-4668-BE54-9A1E7A4F7556}") = "Unity.Regression.Tests", "RegressionTests\Unity.Regression.Tests.csproj", "{250519B6-76DE-425A-A2CE-AE1E14C483F1}"
EndProject
Project("{9A19103F-16F7-4668-BE54-9A1E7A4F7556}") = "Unity.Professional", "Professional\src\Unity.Professional.csproj", "{7D10D48A-D80D-4E0F-8CD9-CA2C5AD3051D}"
EndProject
Project("{9A19103F-16F7-4668-BE54-9A1E7A4F7556}") = "Unity.Professional.Tests", "Professional\tests\Unity.Professional.Tests.csproj", "{28F1AF62-38DA-4C3E-8E7D-29CC1E0F7C6C}"
EndProject
Project("{2150E333-8FDC-42A3-9474-1A3956D46DE8}") = "Benchmarks", "Benchmarks", "{15FEBB8E-B446-49D2-9AE0-64A457D83A60}"
EndProject
Project("{9A19103F-16F7-4668-BE54-9A1E7A4F7556}") = "Unity.Benchmarks", "Container\benchmarks\Unity.Benchmarks.csproj", "{BD143E61-1CB8-4E47-964E-2CA8852A6405}"
EndProject
Project("{9A19103F-16F7-4668-BE54-9A1E7A4F7556}") = "Unity.Benchmarks.Pro", "Professional\benchmarks\Unity.Benchmarks.Pro.csproj", "{0A234850-4098-40EE-947B-3B6C05FA0D2B}"
EndProject
Project("{2150E333-8FDC-42A3-9474-1A3956D46DE8}") = "Regression", "Regression", "{9963CF6E-B2A5-4F40-953B-B0DC6B2AC138}"
EndProject
Project("{9A19103F-16F7-4668-BE54-9A1E7A4F7556}") = "Benchmarks", "BenchmarkTests\Benchmarks\Benchmarks.csproj", "{DF45A2D6-91B1-4175-834B-98BB4E35C071}"
EndProject
Project("{9A19103F-16F7-4668-BE54-9A1E7A4F7556}") = "Unity.Regression.Tests.Pro", "Professional\regression\Unity.Regression.Tests.Pro.csproj", "{84C8FD71-CD00-4766-B9A9-35322839481D}"
EndProject
Project("{2150E333-8FDC-42A3-9474-1A3956D46DE8}") = "Professional", "Professional", "{FC7E7D68-55AE-40F0-886C-4E615CDE2C62}"
EndProject
Project("{2150E333-8FDC-42A3-9474-1A3956D46DE8}") = "Specification", "Specification", "{75FC70CE-2BA0-4F66-89E7-4F6510952D1D}"
EndProject
Project("{9A19103F-16F7-4668-BE54-9A1E7A4F7556}") = "Unity.Specification.Diagnostic", "SpecificationTests\diagnostic\Unity.Specification.Diagnostic.csproj", "{1FA2995A-2312-4C73-BC75-ACF6C24872B6}"
EndProject
Project("{9A19103F-16F7-4668-BE54-9A1E7A4F7556}") = "Unity.Specification.Container", "SpecificationTests\Container\optimized\Unity.Specification.Container.csproj", "{C988C89C-28D7-4ACB-A673-170D06BC4B91}"
EndProject
Project("{9A19103F-16F7-4668-BE54-9A1E7A4F7556}") = "Unity.Specification", "SpecificationTests\Base\Unity.Specification.csproj", "{64B8A6FF-33A9-4890-99E9-E45A06FCE8A6}"
EndProject
Project("{9A19103F-16F7-4668-BE54-9A1E7A4F7556}") = "Unity.Specification.Container.Tests", "Container\specification\Optimized\Unity.Specification.Container.Tests.csproj", "{47578487-9E46-46BE-9727-675C0F203D60}"
EndProject
Global
	GlobalSection(SolutionConfigurationPlatforms) = preSolution
		Debug|Any CPU = Debug|Any CPU
		Release|Any CPU = Release|Any CPU
	EndGlobalSection
	GlobalSection(ProjectConfigurationPlatforms) = postSolution
		{432DC96F-46A2-42C9-BE26-738D72245362}.Debug|Any CPU.ActiveCfg = Debug|Any CPU
		{432DC96F-46A2-42C9-BE26-738D72245362}.Debug|Any CPU.Build.0 = Debug|Any CPU
		{432DC96F-46A2-42C9-BE26-738D72245362}.Release|Any CPU.ActiveCfg = Release|Any CPU
		{432DC96F-46A2-42C9-BE26-738D72245362}.Release|Any CPU.Build.0 = Release|Any CPU
		{FF77EB2D-8540-48CB-A8C8-CB8AE6B17134}.Debug|Any CPU.ActiveCfg = Debug|Any CPU
		{FF77EB2D-8540-48CB-A8C8-CB8AE6B17134}.Debug|Any CPU.Build.0 = Debug|Any CPU
		{FF77EB2D-8540-48CB-A8C8-CB8AE6B17134}.Release|Any CPU.ActiveCfg = Release|Any CPU
		{FF77EB2D-8540-48CB-A8C8-CB8AE6B17134}.Release|Any CPU.Build.0 = Release|Any CPU
		{250519B6-76DE-425A-A2CE-AE1E14C483F1}.Debug|Any CPU.ActiveCfg = Debug|Any CPU
		{250519B6-76DE-425A-A2CE-AE1E14C483F1}.Debug|Any CPU.Build.0 = Debug|Any CPU
		{250519B6-76DE-425A-A2CE-AE1E14C483F1}.Release|Any CPU.ActiveCfg = Release|Any CPU
		{250519B6-76DE-425A-A2CE-AE1E14C483F1}.Release|Any CPU.Build.0 = Release|Any CPU
		{7D10D48A-D80D-4E0F-8CD9-CA2C5AD3051D}.Debug|Any CPU.ActiveCfg = Debug|Any CPU
		{7D10D48A-D80D-4E0F-8CD9-CA2C5AD3051D}.Debug|Any CPU.Build.0 = Debug|Any CPU
		{7D10D48A-D80D-4E0F-8CD9-CA2C5AD3051D}.Release|Any CPU.ActiveCfg = Release|Any CPU
		{7D10D48A-D80D-4E0F-8CD9-CA2C5AD3051D}.Release|Any CPU.Build.0 = Release|Any CPU
		{28F1AF62-38DA-4C3E-8E7D-29CC1E0F7C6C}.Debug|Any CPU.ActiveCfg = Debug|Any CPU
		{28F1AF62-38DA-4C3E-8E7D-29CC1E0F7C6C}.Debug|Any CPU.Build.0 = Debug|Any CPU
		{28F1AF62-38DA-4C3E-8E7D-29CC1E0F7C6C}.Release|Any CPU.ActiveCfg = Release|Any CPU
		{28F1AF62-38DA-4C3E-8E7D-29CC1E0F7C6C}.Release|Any CPU.Build.0 = Release|Any CPU
		{BD143E61-1CB8-4E47-964E-2CA8852A6405}.Debug|Any CPU.ActiveCfg = Release|Any CPU
		{BD143E61-1CB8-4E47-964E-2CA8852A6405}.Debug|Any CPU.Build.0 = Release|Any CPU
		{BD143E61-1CB8-4E47-964E-2CA8852A6405}.Release|Any CPU.ActiveCfg = Release|Any CPU
		{BD143E61-1CB8-4E47-964E-2CA8852A6405}.Release|Any CPU.Build.0 = Release|Any CPU
		{0A234850-4098-40EE-947B-3B6C05FA0D2B}.Debug|Any CPU.ActiveCfg = Release|Any CPU
		{0A234850-4098-40EE-947B-3B6C05FA0D2B}.Debug|Any CPU.Build.0 = Release|Any CPU
		{0A234850-4098-40EE-947B-3B6C05FA0D2B}.Release|Any CPU.ActiveCfg = Release|Any CPU
		{0A234850-4098-40EE-947B-3B6C05FA0D2B}.Release|Any CPU.Build.0 = Release|Any CPU
		{DF45A2D6-91B1-4175-834B-98BB4E35C071}.Debug|Any CPU.ActiveCfg = Release|Any CPU
		{DF45A2D6-91B1-4175-834B-98BB4E35C071}.Debug|Any CPU.Build.0 = Release|Any CPU
		{DF45A2D6-91B1-4175-834B-98BB4E35C071}.Release|Any CPU.ActiveCfg = Release|Any CPU
		{DF45A2D6-91B1-4175-834B-98BB4E35C071}.Release|Any CPU.Build.0 = Release|Any CPU
		{84C8FD71-CD00-4766-B9A9-35322839481D}.Debug|Any CPU.ActiveCfg = Debug|Any CPU
		{84C8FD71-CD00-4766-B9A9-35322839481D}.Debug|Any CPU.Build.0 = Debug|Any CPU
		{84C8FD71-CD00-4766-B9A9-35322839481D}.Release|Any CPU.ActiveCfg = Release|Any CPU
		{84C8FD71-CD00-4766-B9A9-35322839481D}.Release|Any CPU.Build.0 = Release|Any CPU
		{1FA2995A-2312-4C73-BC75-ACF6C24872B6}.Debug|Any CPU.ActiveCfg = Debug|Any CPU
		{1FA2995A-2312-4C73-BC75-ACF6C24872B6}.Debug|Any CPU.Build.0 = Debug|Any CPU
		{1FA2995A-2312-4C73-BC75-ACF6C24872B6}.Release|Any CPU.ActiveCfg = Release|Any CPU
		{1FA2995A-2312-4C73-BC75-ACF6C24872B6}.Release|Any CPU.Build.0 = Release|Any CPU
		{C988C89C-28D7-4ACB-A673-170D06BC4B91}.Debug|Any CPU.ActiveCfg = Debug|Any CPU
		{C988C89C-28D7-4ACB-A673-170D06BC4B91}.Debug|Any CPU.Build.0 = Debug|Any CPU
		{C988C89C-28D7-4ACB-A673-170D06BC4B91}.Release|Any CPU.ActiveCfg = Release|Any CPU
		{C988C89C-28D7-4ACB-A673-170D06BC4B91}.Release|Any CPU.Build.0 = Release|Any CPU
		{64B8A6FF-33A9-4890-99E9-E45A06FCE8A6}.Debug|Any CPU.ActiveCfg = Debug|Any CPU
		{64B8A6FF-33A9-4890-99E9-E45A06FCE8A6}.Debug|Any CPU.Build.0 = Debug|Any CPU
		{64B8A6FF-33A9-4890-99E9-E45A06FCE8A6}.Release|Any CPU.ActiveCfg = Release|Any CPU
		{64B8A6FF-33A9-4890-99E9-E45A06FCE8A6}.Release|Any CPU.Build.0 = Release|Any CPU
		{47578487-9E46-46BE-9727-675C0F203D60}.Debug|Any CPU.ActiveCfg = Debug|Any CPU
		{47578487-9E46-46BE-9727-675C0F203D60}.Debug|Any CPU.Build.0 = Debug|Any CPU
		{47578487-9E46-46BE-9727-675C0F203D60}.Release|Any CPU.ActiveCfg = Release|Any CPU
		{47578487-9E46-46BE-9727-675C0F203D60}.Release|Any CPU.Build.0 = Release|Any CPU
	EndGlobalSection
	GlobalSection(SolutionProperties) = preSolution
		HideSolutionNode = FALSE
	EndGlobalSection
	GlobalSection(NestedProjects) = preSolution
		{FF77EB2D-8540-48CB-A8C8-CB8AE6B17134} = {72897D3B-6FE5-4A12-8FD2-0260DF13C868}
		{250519B6-76DE-425A-A2CE-AE1E14C483F1} = {9963CF6E-B2A5-4F40-953B-B0DC6B2AC138}
		{7D10D48A-D80D-4E0F-8CD9-CA2C5AD3051D} = {FC7E7D68-55AE-40F0-886C-4E615CDE2C62}
		{28F1AF62-38DA-4C3E-8E7D-29CC1E0F7C6C} = {FC7E7D68-55AE-40F0-886C-4E615CDE2C62}
		{BD143E61-1CB8-4E47-964E-2CA8852A6405} = {15FEBB8E-B446-49D2-9AE0-64A457D83A60}
		{0A234850-4098-40EE-947B-3B6C05FA0D2B} = {15FEBB8E-B446-49D2-9AE0-64A457D83A60}
		{DF45A2D6-91B1-4175-834B-98BB4E35C071} = {15FEBB8E-B446-49D2-9AE0-64A457D83A60}
		{84C8FD71-CD00-4766-B9A9-35322839481D} = {9963CF6E-B2A5-4F40-953B-B0DC6B2AC138}
		{1FA2995A-2312-4C73-BC75-ACF6C24872B6} = {75FC70CE-2BA0-4F66-89E7-4F6510952D1D}
		{C988C89C-28D7-4ACB-A673-170D06BC4B91} = {75FC70CE-2BA0-4F66-89E7-4F6510952D1D}
		{64B8A6FF-33A9-4890-99E9-E45A06FCE8A6} = {75FC70CE-2BA0-4F66-89E7-4F6510952D1D}
		{47578487-9E46-46BE-9727-675C0F203D60} = {75FC70CE-2BA0-4F66-89E7-4F6510952D1D}
	EndGlobalSection
	GlobalSection(ExtensibilityGlobals) = postSolution
		SolutionGuid = {B4E2F517-EADC-4195-95D3-6ACF53BDEE86}
	EndGlobalSection
EndGlobal
