
Microsoft Visual Studio Solution File, Format Version 12.00
# Visual Studio Version 16
VisualStudioVersion = 16.0.30204.135
MinimumVisualStudioVersion = 10.0.40219.1
Project("{9A19103F-16F7-4668-BE54-9A1E7A4F7556}") = "Unity.Container", "Container\src\Unity.Container.csproj", "{432DC96F-46A2-42C9-BE26-738D72245362}"
EndProject
Project("{2150E333-8FDC-42A3-9474-1A3956D46DE8}") = "Unit Tests", "Unit Tests", "{72897D3B-6FE5-4A12-8FD2-0260DF13C868}"
EndProject
Project("{9A19103F-16F7-4668-BE54-9A1E7A4F7556}") = "Unity.Container.Tests", "Container\tests\Unity.Container.Tests.csproj", "{FF77EB2D-8540-48CB-A8C8-CB8AE6B17134}"
EndProject
Project("{9A19103F-16F7-4668-BE54-9A1E7A4F7556}") = "Unity.Regression.Tests", "RegressionTests\Unity.Regression.Tests.csproj", "{250519B6-76DE-425A-A2CE-AE1E14C483F1}"
EndProject
Project("{9A19103F-16F7-4668-BE54-9A1E7A4F7556}") = "Unity.Professional", "Professional\src\Unity.Professional.csproj", "{7D10D48A-D80D-4E0F-8CD9-CA2C5AD3051D}"
EndProject
Project("{9A19103F-16F7-4668-BE54-9A1E7A4F7556}") = "Unity.Professional.Tests", "Professional\tests\Unity.Professional.Tests.csproj", "{28F1AF62-38DA-4C3E-8E7D-29CC1E0F7C6C}"
EndProject
Project("{2150E333-8FDC-42A3-9474-1A3956D46DE8}") = "Benchmarks", "Benchmarks", "{15FEBB8E-B446-49D2-9AE0-64A457D83A60}"
EndProject
Project("{9A19103F-16F7-4668-BE54-9A1E7A4F7556}") = "Unity.Benchmarks", "Container\benchmarks\Unity.Benchmarks.csproj", "{BD143E61-1CB8-4E47-964E-2CA8852A6405}"
EndProject
Project("{9A19103F-16F7-4668-BE54-9A1E7A4F7556}") = "Unity.Benchmarks.Pro", "Professional\benchmarks\Unity.Benchmarks.Pro.csproj", "{0A234850-4098-40EE-947B-3B6C05FA0D2B}"
EndProject
Project("{2150E333-8FDC-42A3-9474-1A3956D46DE8}") = "Regression", "Regression", "{9963CF6E-B2A5-4F40-953B-B0DC6B2AC138}"
EndProject
Project("{9A19103F-16F7-4668-BE54-9A1E7A4F7556}") = "Benchmarks", "BenchmarkTests\Benchmarks\Benchmarks.csproj", "{DF45A2D6-91B1-4175-834B-98BB4E35C071}"
EndProject
Project("{2150E333-8FDC-42A3-9474-1A3956D46DE8}") = "Benchmark", "Benchmark", "{AF2FC523-457E-433B-9024-68C96B492F7D}"
EndProject
Project("{9A19103F-16F7-4668-BE54-9A1E7A4F7556}") = "Unity.Performance", "Performance\Unity.Performance.csproj", "{7D52456F-892F-4C8F-9D68-F7BB5A7EC68B}"
EndProject
Project("{9A19103F-16F7-4668-BE54-9A1E7A4F7556}") = "Unity.Regression.Tests.Pro", "Professional\regression\Unity.Regression.Tests.Pro.csproj", "{84C8FD71-CD00-4766-B9A9-35322839481D}"
EndProject
Global
	GlobalSection(SolutionConfigurationPlatforms) = preSolution
		Debug|Any CPU = Debug|Any CPU
		Release|Any CPU = Release|Any CPU
	EndGlobalSection
	GlobalSection(ProjectConfigurationPlatforms) = postSolution
		{432DC96F-46A2-42C9-BE26-738D72245362}.Debug|Any CPU.ActiveCfg = Debug|Any CPU
		{432DC96F-46A2-42C9-BE26-738D72245362}.Debug|Any CPU.Build.0 = Debug|Any CPU
		{432DC96F-46A2-42C9-BE26-738D72245362}.Release|Any CPU.ActiveCfg = Release|Any CPU
		{432DC96F-46A2-42C9-BE26-738D72245362}.Release|Any CPU.Build.0 = Release|Any CPU
		{FF77EB2D-8540-48CB-A8C8-CB8AE6B17134}.Debug|Any CPU.ActiveCfg = Debug|Any CPU
		{FF77EB2D-8540-48CB-A8C8-CB8AE6B17134}.Debug|Any CPU.Build.0 = Debug|Any CPU
		{FF77EB2D-8540-48CB-A8C8-CB8AE6B17134}.Release|Any CPU.ActiveCfg = Release|Any CPU
		{FF77EB2D-8540-48CB-A8C8-CB8AE6B17134}.Release|Any CPU.Build.0 = Release|Any CPU
		{250519B6-76DE-425A-A2CE-AE1E14C483F1}.Debug|Any CPU.ActiveCfg = Debug|Any CPU
		{250519B6-76DE-425A-A2CE-AE1E14C483F1}.Debug|Any CPU.Build.0 = Debug|Any CPU
		{250519B6-76DE-425A-A2CE-AE1E14C483F1}.Release|Any CPU.ActiveCfg = Release|Any CPU
		{250519B6-76DE-425A-A2CE-AE1E14C483F1}.Release|Any CPU.Build.0 = Release|Any CPU
		{7D10D48A-D80D-4E0F-8CD9-CA2C5AD3051D}.Debug|Any CPU.ActiveCfg = Debug|Any CPU
		{7D10D48A-D80D-4E0F-8CD9-CA2C5AD3051D}.Debug|Any CPU.Build.0 = Debug|Any CPU
		{7D10D48A-D80D-4E0F-8CD9-CA2C5AD3051D}.Release|Any CPU.ActiveCfg = Release|Any CPU
		{7D10D48A-D80D-4E0F-8CD9-CA2C5AD3051D}.Release|Any CPU.Build.0 = Release|Any CPU
		{28F1AF62-38DA-4C3E-8E7D-29CC1E0F7C6C}.Debug|Any CPU.ActiveCfg = Debug|Any CPU
		{28F1AF62-38DA-4C3E-8E7D-29CC1E0F7C6C}.Debug|Any CPU.Build.0 = Debug|Any CPU
		{28F1AF62-38DA-4C3E-8E7D-29CC1E0F7C6C}.Release|Any CPU.ActiveCfg = Release|Any CPU
		{28F1AF62-38DA-4C3E-8E7D-29CC1E0F7C6C}.Release|Any CPU.Build.0 = Release|Any CPU
		{BD143E61-1CB8-4E47-964E-2CA8852A6405}.Debug|Any CPU.ActiveCfg = Release|Any CPU
		{BD143E61-1CB8-4E47-964E-2CA8852A6405}.Debug|Any CPU.Build.0 = Release|Any CPU
		{BD143E61-1CB8-4E47-964E-2CA8852A6405}.Release|Any CPU.ActiveCfg = Release|Any CPU
		{BD143E61-1CB8-4E47-964E-2CA8852A6405}.Release|Any CPU.Build.0 = Release|Any CPU
		{0A234850-4098-40EE-947B-3B6C05FA0D2B}.Debug|Any CPU.ActiveCfg = Release|Any CPU
		{0A234850-4098-40EE-947B-3B6C05FA0D2B}.Debug|Any CPU.Build.0 = Release|Any CPU
		{0A234850-4098-40EE-947B-3B6C05FA0D2B}.Release|Any CPU.ActiveCfg = Release|Any CPU
		{0A234850-4098-40EE-947B-3B6C05FA0D2B}.Release|Any CPU.Build.0 = Release|Any CPU
		{DF45A2D6-91B1-4175-834B-98BB4E35C071}.Debug|Any CPU.ActiveCfg = Release|Any CPU
		{DF45A2D6-91B1-4175-834B-98BB4E35C071}.Debug|Any CPU.Build.0 = Release|Any CPU
		{DF45A2D6-91B1-4175-834B-98BB4E35C071}.Release|Any CPU.ActiveCfg = Release|Any CPU
		{DF45A2D6-91B1-4175-834B-98BB4E35C071}.Release|Any CPU.Build.0 = Release|Any CPU
		{7D52456F-892F-4C8F-9D68-F7BB5A7EC68B}.Debug|Any CPU.ActiveCfg = Debug|Any CPU
		{7D52456F-892F-4C8F-9D68-F7BB5A7EC68B}.Debug|Any CPU.Build.0 = Debug|Any CPU
		{7D52456F-892F-4C8F-9D68-F7BB5A7EC68B}.Release|Any CPU.ActiveCfg = Release|Any CPU
		{7D52456F-892F-4C8F-9D68-F7BB5A7EC68B}.Release|Any CPU.Build.0 = Release|Any CPU
		{84C8FD71-CD00-4766-B9A9-35322839481D}.Debug|Any CPU.ActiveCfg = Debug|Any CPU
		{84C8FD71-CD00-4766-B9A9-35322839481D}.Debug|Any CPU.Build.0 = Debug|Any CPU
		{84C8FD71-CD00-4766-B9A9-35322839481D}.Release|Any CPU.ActiveCfg = Release|Any CPU
		{84C8FD71-CD00-4766-B9A9-35322839481D}.Release|Any CPU.Build.0 = Release|Any CPU
	EndGlobalSection
	GlobalSection(SolutionProperties) = preSolution
		HideSolutionNode = FALSE
	EndGlobalSection
	GlobalSection(NestedProjects) = preSolution
		{FF77EB2D-8540-48CB-A8C8-CB8AE6B17134} = {72897D3B-6FE5-4A12-8FD2-0260DF13C868}
		{250519B6-76DE-425A-A2CE-AE1E14C483F1} = {9963CF6E-B2A5-4F40-953B-B0DC6B2AC138}
		{28F1AF62-38DA-4C3E-8E7D-29CC1E0F7C6C} = {72897D3B-6FE5-4A12-8FD2-0260DF13C868}
		{BD143E61-1CB8-4E47-964E-2CA8852A6405} = {15FEBB8E-B446-49D2-9AE0-64A457D83A60}
		{0A234850-4098-40EE-947B-3B6C05FA0D2B} = {15FEBB8E-B446-49D2-9AE0-64A457D83A60}
		{DF45A2D6-91B1-4175-834B-98BB4E35C071} = {15FEBB8E-B446-49D2-9AE0-64A457D83A60}
		{7D52456F-892F-4C8F-9D68-F7BB5A7EC68B} = {AF2FC523-457E-433B-9024-68C96B492F7D}
		{84C8FD71-CD00-4766-B9A9-35322839481D} = {9963CF6E-B2A5-4F40-953B-B0DC6B2AC138}
	EndGlobalSection
	GlobalSection(ExtensibilityGlobals) = postSolution
		SolutionGuid = {B4E2F517-EADC-4195-95D3-6ACF53BDEE86}
	EndGlobalSection
EndGlobal
